// !$*UTF8*$!
{
	archiveVersion = 1;
	classes = {
	};
	objectVersion = 46;
	objects = {

/* Begin PBXBuildFile section */
		482880F61EB107AD006801E1 /* String+Regex.swift in Sources */ = {isa = PBXBuildFile; fileRef = 482880F51EB107AD006801E1 /* String+Regex.swift */; };
		482880F91EB13288006801E1 /* IGCPoint.swift in Sources */ = {isa = PBXBuildFile; fileRef = 482880F81EB13288006801E1 /* IGCPoint.swift */; };
		482880FB1EB13340006801E1 /* IGCWaypoint.swift in Sources */ = {isa = PBXBuildFile; fileRef = 482880FA1EB13340006801E1 /* IGCWaypoint.swift */; };
		483524D01EB2713B006A0E7E /* TimeInterval+formatting.swift in Sources */ = {isa = PBXBuildFile; fileRef = 483524CF1EB2713B006A0E7E /* TimeInterval+formatting.swift */; };
		483524D21EB27681006A0E7E /* DistanceUnit.swift in Sources */ = {isa = PBXBuildFile; fileRef = 483524D11EB27681006A0E7E /* DistanceUnit.swift */; };
		489CDE061EDC8FFE00A97844 /* CustomChartTimeFormatter.swift in Sources */ = {isa = PBXBuildFile; fileRef = 489CDE051EDC8FFE00A97844 /* CustomChartTimeFormatter.swift */; };
		489CDE101EDCA58D00A97844 /* Charts.framework in Frameworks */ = {isa = PBXBuildFile; fileRef = 489CDE0D1EDCA58400A97844 /* Charts.framework */; };
		489CDE111EDCA58D00A97844 /* Charts.framework in Embed Frameworks */ = {isa = PBXBuildFile; fileRef = 489CDE0D1EDCA58400A97844 /* Charts.framework */; settings = {ATTRIBUTES = (CodeSignOnCopy, RemoveHeadersOnCopy, ); }; };
		48ECFA8D1EB0C4A80063C09B /* AppDelegate.swift in Sources */ = {isa = PBXBuildFile; fileRef = 48ECFA8C1EB0C4A80063C09B /* AppDelegate.swift */; };
		48ECFA8F1EB0C4A80063C09B /* ViewController.swift in Sources */ = {isa = PBXBuildFile; fileRef = 48ECFA8E1EB0C4A80063C09B /* ViewController.swift */; };
		48ECFA911EB0C4A80063C09B /* IGCDocument.swift in Sources */ = {isa = PBXBuildFile; fileRef = 48ECFA901EB0C4A80063C09B /* IGCDocument.swift */; };
		48ECFA931EB0C4A80063C09B /* Assets.xcassets in Resources */ = {isa = PBXBuildFile; fileRef = 48ECFA921EB0C4A80063C09B /* Assets.xcassets */; };
		48ECFA961EB0C4A80063C09B /* Main.storyboard in Resources */ = {isa = PBXBuildFile; fileRef = 48ECFA941EB0C4A80063C09B /* Main.storyboard */; };
		48ECFAA11EB0C4A80063C09B /* IGCViewerTests.swift in Sources */ = {isa = PBXBuildFile; fileRef = 48ECFAA01EB0C4A80063C09B /* IGCViewerTests.swift */; };
		48ECFAAC1EB0C4A80063C09B /* IGCViewerUITests.swift in Sources */ = {isa = PBXBuildFile; fileRef = 48ECFAAB1EB0C4A80063C09B /* IGCViewerUITests.swift */; };
		48ECFABA1EB0D3950063C09B /* IGCParser.swift in Sources */ = {isa = PBXBuildFile; fileRef = 48ECFAB91EB0D3950063C09B /* IGCParser.swift */; };
		48ECFABC1EB0D3A60063C09B /* IGCFile.swift in Sources */ = {isa = PBXBuildFile; fileRef = 48ECFABB1EB0D3A60063C09B /* IGCFile.swift */; };
/* End PBXBuildFile section */

/* Begin PBXContainerItemProxy section */
		489CDE0C1EDCA58400A97844 /* PBXContainerItemProxy */ = {
			isa = PBXContainerItemProxy;
			containerPortal = 489CDE071EDCA58400A97844 /* Charts.xcodeproj */;
			proxyType = 2;
			remoteGlobalIDString = 06165F241D8110E600722320;
			remoteInfo = Charts;
		};
		489CDE0E1EDCA58400A97844 /* PBXContainerItemProxy */ = {
			isa = PBXContainerItemProxy;
			containerPortal = 489CDE071EDCA58400A97844 /* Charts.xcodeproj */;
			proxyType = 2;
			remoteGlobalIDString = 06165F2E1D8110E600722320;
			remoteInfo = ChartsTests;
		};
		489CDE121EDCA58D00A97844 /* PBXContainerItemProxy */ = {
			isa = PBXContainerItemProxy;
			containerPortal = 489CDE071EDCA58400A97844 /* Charts.xcodeproj */;
			proxyType = 1;
			remoteGlobalIDString = 06165F231D8110E600722320;
			remoteInfo = Charts;
		};
		48ECFA9D1EB0C4A80063C09B /* PBXContainerItemProxy */ = {
			isa = PBXContainerItemProxy;
			containerPortal = 48ECFA811EB0C4A70063C09B /* Project object */;
			proxyType = 1;
			remoteGlobalIDString = 48ECFA881EB0C4A80063C09B;
			remoteInfo = IGCViewer;
		};
		48ECFAA81EB0C4A80063C09B /* PBXContainerItemProxy */ = {
			isa = PBXContainerItemProxy;
			containerPortal = 48ECFA811EB0C4A70063C09B /* Project object */;
			proxyType = 1;
			remoteGlobalIDString = 48ECFA881EB0C4A80063C09B;
			remoteInfo = IGCViewer;
		};
/* End PBXContainerItemProxy section */

/* Begin PBXCopyFilesBuildPhase section */
		489CDE041EDC85AC00A97844 /* Embed Frameworks */ = {
			isa = PBXCopyFilesBuildPhase;
			buildActionMask = 2147483647;
			dstPath = "";
			dstSubfolderSpec = 10;
			files = (
				489CDE111EDCA58D00A97844 /* Charts.framework in Embed Frameworks */,
			);
			name = "Embed Frameworks";
			runOnlyForDeploymentPostprocessing = 0;
		};
/* End PBXCopyFilesBuildPhase section */

/* Begin PBXFileReference section */
		482880F51EB107AD006801E1 /* String+Regex.swift */ = {isa = PBXFileReference; fileEncoding = 4; lastKnownFileType = sourcecode.swift; path = "String+Regex.swift"; sourceTree = "<group>"; };
		482880F81EB13288006801E1 /* IGCPoint.swift */ = {isa = PBXFileReference; fileEncoding = 4; lastKnownFileType = sourcecode.swift; path = IGCPoint.swift; sourceTree = "<group>"; };
		482880FA1EB13340006801E1 /* IGCWaypoint.swift */ = {isa = PBXFileReference; fileEncoding = 4; lastKnownFileType = sourcecode.swift; path = IGCWaypoint.swift; sourceTree = "<group>"; };
		483524CF1EB2713B006A0E7E /* TimeInterval+formatting.swift */ = {isa = PBXFileReference; fileEncoding = 4; lastKnownFileType = sourcecode.swift; path = "TimeInterval+formatting.swift"; sourceTree = "<group>"; };
		483524D11EB27681006A0E7E /* DistanceUnit.swift */ = {isa = PBXFileReference; fileEncoding = 4; lastKnownFileType = sourcecode.swift; path = DistanceUnit.swift; sourceTree = "<group>"; };
		489CDE051EDC8FFE00A97844 /* CustomChartTimeFormatter.swift */ = {isa = PBXFileReference; fileEncoding = 4; lastKnownFileType = sourcecode.swift; path = CustomChartTimeFormatter.swift; sourceTree = "<group>"; };
		489CDE071EDCA58400A97844 /* Charts.xcodeproj */ = {isa = PBXFileReference; lastKnownFileType = "wrapper.pb-project"; name = Charts.xcodeproj; path = Charts/Charts.xcodeproj; sourceTree = "<group>"; };
		48ECFA891EB0C4A80063C09B /* IGCViewer.app */ = {isa = PBXFileReference; explicitFileType = wrapper.application; includeInIndex = 0; path = IGCViewer.app; sourceTree = BUILT_PRODUCTS_DIR; };
		48ECFA8C1EB0C4A80063C09B /* AppDelegate.swift */ = {isa = PBXFileReference; lastKnownFileType = sourcecode.swift; path = AppDelegate.swift; sourceTree = "<group>"; };
		48ECFA8E1EB0C4A80063C09B /* ViewController.swift */ = {isa = PBXFileReference; lastKnownFileType = sourcecode.swift; path = ViewController.swift; sourceTree = "<group>"; };
		48ECFA901EB0C4A80063C09B /* IGCDocument.swift */ = {isa = PBXFileReference; lastKnownFileType = sourcecode.swift; path = IGCDocument.swift; sourceTree = "<group>"; };
		48ECFA921EB0C4A80063C09B /* Assets.xcassets */ = {isa = PBXFileReference; lastKnownFileType = folder.assetcatalog; path = Assets.xcassets; sourceTree = "<group>"; };
		48ECFA951EB0C4A80063C09B /* Base */ = {isa = PBXFileReference; lastKnownFileType = file.storyboard; name = Base; path = Base.lproj/Main.storyboard; sourceTree = "<group>"; };
		48ECFA971EB0C4A80063C09B /* Info.plist */ = {isa = PBXFileReference; lastKnownFileType = text.plist.xml; path = Info.plist; sourceTree = "<group>"; };
		48ECFA9C1EB0C4A80063C09B /* IGCViewerTests.xctest */ = {isa = PBXFileReference; explicitFileType = wrapper.cfbundle; includeInIndex = 0; path = IGCViewerTests.xctest; sourceTree = BUILT_PRODUCTS_DIR; };
		48ECFAA01EB0C4A80063C09B /* IGCViewerTests.swift */ = {isa = PBXFileReference; lastKnownFileType = sourcecode.swift; path = IGCViewerTests.swift; sourceTree = "<group>"; };
		48ECFAA21EB0C4A80063C09B /* Info.plist */ = {isa = PBXFileReference; lastKnownFileType = text.plist.xml; path = Info.plist; sourceTree = "<group>"; };
		48ECFAA71EB0C4A80063C09B /* IGCViewerUITests.xctest */ = {isa = PBXFileReference; explicitFileType = wrapper.cfbundle; includeInIndex = 0; path = IGCViewerUITests.xctest; sourceTree = BUILT_PRODUCTS_DIR; };
		48ECFAAB1EB0C4A80063C09B /* IGCViewerUITests.swift */ = {isa = PBXFileReference; lastKnownFileType = sourcecode.swift; path = IGCViewerUITests.swift; sourceTree = "<group>"; };
		48ECFAAD1EB0C4A80063C09B /* Info.plist */ = {isa = PBXFileReference; lastKnownFileType = text.plist.xml; path = Info.plist; sourceTree = "<group>"; };
		48ECFAB91EB0D3950063C09B /* IGCParser.swift */ = {isa = PBXFileReference; fileEncoding = 4; lastKnownFileType = sourcecode.swift; path = IGCParser.swift; sourceTree = "<group>"; };
		48ECFABB1EB0D3A60063C09B /* IGCFile.swift */ = {isa = PBXFileReference; fileEncoding = 4; lastKnownFileType = sourcecode.swift; path = IGCFile.swift; sourceTree = "<group>"; };
/* End PBXFileReference section */

/* Begin PBXFrameworksBuildPhase section */
		48ECFA861EB0C4A80063C09B /* Frameworks */ = {
			isa = PBXFrameworksBuildPhase;
			buildActionMask = 2147483647;
			files = (
				489CDE101EDCA58D00A97844 /* Charts.framework in Frameworks */,
			);
			runOnlyForDeploymentPostprocessing = 0;
		};
		48ECFA991EB0C4A80063C09B /* Frameworks */ = {
			isa = PBXFrameworksBuildPhase;
			buildActionMask = 2147483647;
			files = (
			);
			runOnlyForDeploymentPostprocessing = 0;
		};
		48ECFAA41EB0C4A80063C09B /* Frameworks */ = {
			isa = PBXFrameworksBuildPhase;
			buildActionMask = 2147483647;
			files = (
			);
			runOnlyForDeploymentPostprocessing = 0;
		};
/* End PBXFrameworksBuildPhase section */

/* Begin PBXGroup section */
		482880F41EB10797006801E1 /* Supporting Files */ = {
			isa = PBXGroup;
			children = (
				483524CF1EB2713B006A0E7E /* TimeInterval+formatting.swift */,
				482880F51EB107AD006801E1 /* String+Regex.swift */,
			);
			name = "Supporting Files";
			sourceTree = "<group>";
		};
		482880F71EB13266006801E1 /* IGC */ = {
			isa = PBXGroup;
			children = (
				48ECFAB91EB0D3950063C09B /* IGCParser.swift */,
				48ECFABB1EB0D3A60063C09B /* IGCFile.swift */,
				482880F81EB13288006801E1 /* IGCPoint.swift */,
				482880FA1EB13340006801E1 /* IGCWaypoint.swift */,
				483524D11EB27681006A0E7E /* DistanceUnit.swift */,
			);
			name = IGC;
			sourceTree = "<group>";
		};
		489CDE081EDCA58400A97844 /* Products */ = {
			isa = PBXGroup;
			children = (
				489CDE0D1EDCA58400A97844 /* Charts.framework */,
				489CDE0F1EDCA58400A97844 /* ChartsTests.xctest */,
			);
			name = Products;
			sourceTree = "<group>";
		};
		48ECFA801EB0C4A70063C09B = {
			isa = PBXGroup;
			children = (
				489CDE071EDCA58400A97844 /* Charts.xcodeproj */,
				48ECFA8B1EB0C4A80063C09B /* IGCViewer */,
				48ECFA9F1EB0C4A80063C09B /* IGCViewerTests */,
				48ECFAAA1EB0C4A80063C09B /* IGCViewerUITests */,
				48ECFA8A1EB0C4A80063C09B /* Products */,
			);
			sourceTree = "<group>";
		};
		48ECFA8A1EB0C4A80063C09B /* Products */ = {
			isa = PBXGroup;
			children = (
				48ECFA891EB0C4A80063C09B /* IGCViewer.app */,
				48ECFA9C1EB0C4A80063C09B /* IGCViewerTests.xctest */,
				48ECFAA71EB0C4A80063C09B /* IGCViewerUITests.xctest */,
			);
			name = Products;
			sourceTree = "<group>";
		};
		48ECFA8B1EB0C4A80063C09B /* IGCViewer */ = {
			isa = PBXGroup;
			children = (
				48ECFA8C1EB0C4A80063C09B /* AppDelegate.swift */,
				48ECFA8E1EB0C4A80063C09B /* ViewController.swift */,
				489CDE051EDC8FFE00A97844 /* CustomChartTimeFormatter.swift */,
				48ECFA901EB0C4A80063C09B /* IGCDocument.swift */,
				482880F71EB13266006801E1 /* IGC */,
				48ECFA921EB0C4A80063C09B /* Assets.xcassets */,
				48ECFA941EB0C4A80063C09B /* Main.storyboard */,
				48ECFA971EB0C4A80063C09B /* Info.plist */,
				482880F41EB10797006801E1 /* Supporting Files */,
			);
			path = IGCViewer;
			sourceTree = "<group>";
		};
		48ECFA9F1EB0C4A80063C09B /* IGCViewerTests */ = {
			isa = PBXGroup;
			children = (
				48ECFAA01EB0C4A80063C09B /* IGCViewerTests.swift */,
				48ECFAA21EB0C4A80063C09B /* Info.plist */,
			);
			path = IGCViewerTests;
			sourceTree = "<group>";
		};
		48ECFAAA1EB0C4A80063C09B /* IGCViewerUITests */ = {
			isa = PBXGroup;
			children = (
				48ECFAAB1EB0C4A80063C09B /* IGCViewerUITests.swift */,
				48ECFAAD1EB0C4A80063C09B /* Info.plist */,
			);
			path = IGCViewerUITests;
			sourceTree = "<group>";
		};
/* End PBXGroup section */

/* Begin PBXNativeTarget section */
		48ECFA881EB0C4A80063C09B /* IGCViewer */ = {
			isa = PBXNativeTarget;
			buildConfigurationList = 48ECFAB01EB0C4A80063C09B /* Build configuration list for PBXNativeTarget "IGCViewer" */;
			buildPhases = (
				48ECFA851EB0C4A80063C09B /* Sources */,
				48ECFA861EB0C4A80063C09B /* Frameworks */,
				48ECFA871EB0C4A80063C09B /* Resources */,
				489CDE041EDC85AC00A97844 /* Embed Frameworks */,
			);
			buildRules = (
			);
			dependencies = (
				489CDE131EDCA58D00A97844 /* PBXTargetDependency */,
			);
			name = IGCViewer;
			productName = IGCViewer;
			productReference = 48ECFA891EB0C4A80063C09B /* IGCViewer.app */;
			productType = "com.apple.product-type.application";
		};
		48ECFA9B1EB0C4A80063C09B /* IGCViewerTests */ = {
			isa = PBXNativeTarget;
			buildConfigurationList = 48ECFAB31EB0C4A80063C09B /* Build configuration list for PBXNativeTarget "IGCViewerTests" */;
			buildPhases = (
				48ECFA981EB0C4A80063C09B /* Sources */,
				48ECFA991EB0C4A80063C09B /* Frameworks */,
				48ECFA9A1EB0C4A80063C09B /* Resources */,
			);
			buildRules = (
			);
			dependencies = (
				48ECFA9E1EB0C4A80063C09B /* PBXTargetDependency */,
			);
			name = IGCViewerTests;
			productName = IGCViewerTests;
			productReference = 48ECFA9C1EB0C4A80063C09B /* IGCViewerTests.xctest */;
			productType = "com.apple.product-type.bundle.unit-test";
		};
		48ECFAA61EB0C4A80063C09B /* IGCViewerUITests */ = {
			isa = PBXNativeTarget;
			buildConfigurationList = 48ECFAB61EB0C4A80063C09B /* Build configuration list for PBXNativeTarget "IGCViewerUITests" */;
			buildPhases = (
				48ECFAA31EB0C4A80063C09B /* Sources */,
				48ECFAA41EB0C4A80063C09B /* Frameworks */,
				48ECFAA51EB0C4A80063C09B /* Resources */,
			);
			buildRules = (
			);
			dependencies = (
				48ECFAA91EB0C4A80063C09B /* PBXTargetDependency */,
			);
			name = IGCViewerUITests;
			productName = IGCViewerUITests;
			productReference = 48ECFAA71EB0C4A80063C09B /* IGCViewerUITests.xctest */;
			productType = "com.apple.product-type.bundle.ui-testing";
		};
/* End PBXNativeTarget section */

/* Begin PBXProject section */
		48ECFA811EB0C4A70063C09B /* Project object */ = {
			isa = PBXProject;
			attributes = {
				LastSwiftUpdateCheck = 0830;
				LastUpgradeCheck = 0830;
				ORGANIZATIONNAME = "Lukas Bischof";
				TargetAttributes = {
					48ECFA881EB0C4A80063C09B = {
						CreatedOnToolsVersion = 8.3.1;
						DevelopmentTeam = G4ANT58PJV;
						ProvisioningStyle = Automatic;
					};
					48ECFA9B1EB0C4A80063C09B = {
						CreatedOnToolsVersion = 8.3.1;
						DevelopmentTeam = G4ANT58PJV;
						ProvisioningStyle = Automatic;
						TestTargetID = 48ECFA881EB0C4A80063C09B;
					};
					48ECFAA61EB0C4A80063C09B = {
						CreatedOnToolsVersion = 8.3.1;
						DevelopmentTeam = G4ANT58PJV;
						ProvisioningStyle = Automatic;
						TestTargetID = 48ECFA881EB0C4A80063C09B;
					};
				};
			};
			buildConfigurationList = 48ECFA841EB0C4A70063C09B /* Build configuration list for PBXProject "IGCViewer" */;
			compatibilityVersion = "Xcode 3.2";
			developmentRegion = English;
			hasScannedForEncodings = 0;
			knownRegions = (
				en,
				Base,
			);
			mainGroup = 48ECFA801EB0C4A70063C09B;
			productRefGroup = 48ECFA8A1EB0C4A80063C09B /* Products */;
			projectDirPath = "";
			projectReferences = (
				{
					ProductGroup = 489CDE081EDCA58400A97844 /* Products */;
					ProjectRef = 489CDE071EDCA58400A97844 /* Charts.xcodeproj */;
				},
			);
			projectRoot = "";
			targets = (
				48ECFA881EB0C4A80063C09B /* IGCViewer */,
				48ECFA9B1EB0C4A80063C09B /* IGCViewerTests */,
				48ECFAA61EB0C4A80063C09B /* IGCViewerUITests */,
			);
		};
/* End PBXProject section */

/* Begin PBXReferenceProxy section */
		489CDE0D1EDCA58400A97844 /* Charts.framework */ = {
			isa = PBXReferenceProxy;
			fileType = wrapper.framework;
			path = Charts.framework;
			remoteRef = 489CDE0C1EDCA58400A97844 /* PBXContainerItemProxy */;
			sourceTree = BUILT_PRODUCTS_DIR;
		};
		489CDE0F1EDCA58400A97844 /* ChartsTests.xctest */ = {
			isa = PBXReferenceProxy;
			fileType = wrapper.cfbundle;
			path = ChartsTests.xctest;
			remoteRef = 489CDE0E1EDCA58400A97844 /* PBXContainerItemProxy */;
			sourceTree = BUILT_PRODUCTS_DIR;
		};
/* End PBXReferenceProxy section */

/* Begin PBXResourcesBuildPhase section */
		48ECFA871EB0C4A80063C09B /* Resources */ = {
			isa = PBXResourcesBuildPhase;
			buildActionMask = 2147483647;
			files = (
				48ECFA931EB0C4A80063C09B /* Assets.xcassets in Resources */,
				48ECFA961EB0C4A80063C09B /* Main.storyboard in Resources */,
			);
			runOnlyForDeploymentPostprocessing = 0;
		};
		48ECFA9A1EB0C4A80063C09B /* Resources */ = {
			isa = PBXResourcesBuildPhase;
			buildActionMask = 2147483647;
			files = (
			);
			runOnlyForDeploymentPostprocessing = 0;
		};
		48ECFAA51EB0C4A80063C09B /* Resources */ = {
			isa = PBXResourcesBuildPhase;
			buildActionMask = 2147483647;
			files = (
			);
			runOnlyForDeploymentPostprocessing = 0;
		};
/* End PBXResourcesBuildPhase section */

/* Begin PBXSourcesBuildPhase section */
		48ECFA851EB0C4A80063C09B /* Sources */ = {
			isa = PBXSourcesBuildPhase;
			buildActionMask = 2147483647;
			files = (
				483524D01EB2713B006A0E7E /* TimeInterval+formatting.swift in Sources */,
				48ECFABC1EB0D3A60063C09B /* IGCFile.swift in Sources */,
				48ECFA8F1EB0C4A80063C09B /* ViewController.swift in Sources */,
				482880FB1EB13340006801E1 /* IGCWaypoint.swift in Sources */,
				483524D21EB27681006A0E7E /* DistanceUnit.swift in Sources */,
				489CDE061EDC8FFE00A97844 /* CustomChartTimeFormatter.swift in Sources */,
				482880F61EB107AD006801E1 /* String+Regex.swift in Sources */,
				48ECFA8D1EB0C4A80063C09B /* AppDelegate.swift in Sources */,
				48ECFABA1EB0D3950063C09B /* IGCParser.swift in Sources */,
				482880F91EB13288006801E1 /* IGCPoint.swift in Sources */,
				48ECFA911EB0C4A80063C09B /* IGCDocument.swift in Sources */,
			);
			runOnlyForDeploymentPostprocessing = 0;
		};
		48ECFA981EB0C4A80063C09B /* Sources */ = {
			isa = PBXSourcesBuildPhase;
			buildActionMask = 2147483647;
			files = (
				48ECFAA11EB0C4A80063C09B /* IGCViewerTests.swift in Sources */,
			);
			runOnlyForDeploymentPostprocessing = 0;
		};
		48ECFAA31EB0C4A80063C09B /* Sources */ = {
			isa = PBXSourcesBuildPhase;
			buildActionMask = 2147483647;
			files = (
				48ECFAAC1EB0C4A80063C09B /* IGCViewerUITests.swift in Sources */,
			);
			runOnlyForDeploymentPostprocessing = 0;
		};
/* End PBXSourcesBuildPhase section */

/* Begin PBXTargetDependency section */
		489CDE131EDCA58D00A97844 /* PBXTargetDependency */ = {
			isa = PBXTargetDependency;
			name = Charts;
			targetProxy = 489CDE121EDCA58D00A97844 /* PBXContainerItemProxy */;
		};
		48ECFA9E1EB0C4A80063C09B /* PBXTargetDependency */ = {
			isa = PBXTargetDependency;
			target = 48ECFA881EB0C4A80063C09B /* IGCViewer */;
			targetProxy = 48ECFA9D1EB0C4A80063C09B /* PBXContainerItemProxy */;
		};
		48ECFAA91EB0C4A80063C09B /* PBXTargetDependency */ = {
			isa = PBXTargetDependency;
			target = 48ECFA881EB0C4A80063C09B /* IGCViewer */;
			targetProxy = 48ECFAA81EB0C4A80063C09B /* PBXContainerItemProxy */;
		};
/* End PBXTargetDependency section */

/* Begin PBXVariantGroup section */
		48ECFA941EB0C4A80063C09B /* Main.storyboard */ = {
			isa = PBXVariantGroup;
			children = (
				48ECFA951EB0C4A80063C09B /* Base */,
			);
			name = Main.storyboard;
			sourceTree = "<group>";
		};
/* End PBXVariantGroup section */

/* Begin XCBuildConfiguration section */
		48ECFAAE1EB0C4A80063C09B /* Debug */ = {
			isa = XCBuildConfiguration;
			buildSettings = {
				ALWAYS_SEARCH_USER_PATHS = NO;
				CLANG_ANALYZER_NONNULL = YES;
				CLANG_ANALYZER_NUMBER_OBJECT_CONVERSION = YES_AGGRESSIVE;
				CLANG_CXX_LANGUAGE_STANDARD = "gnu++0x";
				CLANG_CXX_LIBRARY = "libc++";
				CLANG_ENABLE_MODULES = YES;
				CLANG_ENABLE_OBJC_ARC = YES;
				CLANG_WARN_BOOL_CONVERSION = YES;
				CLANG_WARN_CONSTANT_CONVERSION = YES;
				CLANG_WARN_DIRECT_OBJC_ISA_USAGE = YES_ERROR;
				CLANG_WARN_DOCUMENTATION_COMMENTS = YES;
				CLANG_WARN_EMPTY_BODY = YES;
				CLANG_WARN_ENUM_CONVERSION = YES;
				CLANG_WARN_INFINITE_RECURSION = YES;
				CLANG_WARN_INT_CONVERSION = YES;
				CLANG_WARN_OBJC_ROOT_CLASS = YES_ERROR;
				CLANG_WARN_SUSPICIOUS_MOVE = YES;
				CLANG_WARN_UNREACHABLE_CODE = YES;
				CLANG_WARN__DUPLICATE_METHOD_MATCH = YES;
				CODE_SIGN_IDENTITY = "-";
				COPY_PHASE_STRIP = NO;
				DEBUG_INFORMATION_FORMAT = dwarf;
				ENABLE_STRICT_OBJC_MSGSEND = YES;
				ENABLE_TESTABILITY = YES;
				GCC_C_LANGUAGE_STANDARD = gnu99;
				GCC_DYNAMIC_NO_PIC = NO;
				GCC_NO_COMMON_BLOCKS = YES;
				GCC_OPTIMIZATION_LEVEL = 0;
				GCC_PREPROCESSOR_DEFINITIONS = (
					"DEBUG=1",
					"$(inherited)",
				);
				GCC_WARN_64_TO_32_BIT_CONVERSION = YES;
				GCC_WARN_ABOUT_RETURN_TYPE = YES_ERROR;
				GCC_WARN_UNDECLARED_SELECTOR = YES;
				GCC_WARN_UNINITIALIZED_AUTOS = YES_AGGRESSIVE;
				GCC_WARN_UNUSED_FUNCTION = YES;
				GCC_WARN_UNUSED_VARIABLE = YES;
				MACOSX_DEPLOYMENT_TARGET = 10.12;
				MTL_ENABLE_DEBUG_INFO = YES;
				ONLY_ACTIVE_ARCH = YES;
				SDKROOT = macosx;
				SWIFT_ACTIVE_COMPILATION_CONDITIONS = DEBUG;
				SWIFT_OPTIMIZATION_LEVEL = "-Onone";
			};
			name = Debug;
		};
		48ECFAAF1EB0C4A80063C09B /* Release */ = {
			isa = XCBuildConfiguration;
			buildSettings = {
				ALWAYS_SEARCH_USER_PATHS = NO;
				CLANG_ANALYZER_NONNULL = YES;
				CLANG_ANALYZER_NUMBER_OBJECT_CONVERSION = YES_AGGRESSIVE;
				CLANG_CXX_LANGUAGE_STANDARD = "gnu++0x";
				CLANG_CXX_LIBRARY = "libc++";
				CLANG_ENABLE_MODULES = YES;
				CLANG_ENABLE_OBJC_ARC = YES;
				CLANG_WARN_BOOL_CONVERSION = YES;
				CLANG_WARN_CONSTANT_CONVERSION = YES;
				CLANG_WARN_DIRECT_OBJC_ISA_USAGE = YES_ERROR;
				CLANG_WARN_DOCUMENTATION_COMMENTS = YES;
				CLANG_WARN_EMPTY_BODY = YES;
				CLANG_WARN_ENUM_CONVERSION = YES;
				CLANG_WARN_INFINITE_RECURSION = YES;
				CLANG_WARN_INT_CONVERSION = YES;
				CLANG_WARN_OBJC_ROOT_CLASS = YES_ERROR;
				CLANG_WARN_SUSPICIOUS_MOVE = YES;
				CLANG_WARN_UNREACHABLE_CODE = YES;
				CLANG_WARN__DUPLICATE_METHOD_MATCH = YES;
				CODE_SIGN_IDENTITY = "-";
				COPY_PHASE_STRIP = NO;
				DEBUG_INFORMATION_FORMAT = "dwarf-with-dsym";
				ENABLE_NS_ASSERTIONS = NO;
				ENABLE_STRICT_OBJC_MSGSEND = YES;
				GCC_C_LANGUAGE_STANDARD = gnu99;
				GCC_NO_COMMON_BLOCKS = YES;
				GCC_WARN_64_TO_32_BIT_CONVERSION = YES;
				GCC_WARN_ABOUT_RETURN_TYPE = YES_ERROR;
				GCC_WARN_UNDECLARED_SELECTOR = YES;
				GCC_WARN_UNINITIALIZED_AUTOS = YES_AGGRESSIVE;
				GCC_WARN_UNUSED_FUNCTION = YES;
				GCC_WARN_UNUSED_VARIABLE = YES;
				MACOSX_DEPLOYMENT_TARGET = 10.12;
				MTL_ENABLE_DEBUG_INFO = NO;
				SDKROOT = macosx;
				SWIFT_OPTIMIZATION_LEVEL = "-Owholemodule";
			};
			name = Release;
		};
		48ECFAB11EB0C4A80063C09B /* Debug */ = {
			isa = XCBuildConfiguration;
			buildSettings = {
				ALWAYS_EMBED_SWIFT_STANDARD_LIBRARIES = YES;
				ASSETCATALOG_COMPILER_APPICON_NAME = AppIcon;
				COMBINE_HIDPI_IMAGES = YES;
				DEVELOPMENT_TEAM = G4ANT58PJV;
				INFOPLIST_FILE = IGCViewer/Info.plist;
				LD_RUNPATH_SEARCH_PATHS = "$(inherited) @executable_path/../Frameworks";
				PRODUCT_BUNDLE_IDENTIFIER = "de.pf-control.aseider.lukas.IGCViewer";
				PRODUCT_NAME = "$(TARGET_NAME)";
				SWIFT_VERSION = 3.0;
			};
			name = Debug;
		};
		48ECFAB21EB0C4A80063C09B /* Release */ = {
			isa = XCBuildConfiguration;
			buildSettings = {
				ALWAYS_EMBED_SWIFT_STANDARD_LIBRARIES = YES;
				ASSETCATALOG_COMPILER_APPICON_NAME = AppIcon;
				COMBINE_HIDPI_IMAGES = YES;
				DEVELOPMENT_TEAM = G4ANT58PJV;
				INFOPLIST_FILE = IGCViewer/Info.plist;
				LD_RUNPATH_SEARCH_PATHS = "$(inherited) @executable_path/../Frameworks";
				PRODUCT_BUNDLE_IDENTIFIER = "de.pf-control.aseider.lukas.IGCViewer";
				PRODUCT_NAME = "$(TARGET_NAME)";
				SWIFT_VERSION = 3.0;
			};
			name = Release;
		};
		48ECFAB41EB0C4A80063C09B /* Debug */ = {
			isa = XCBuildConfiguration;
			buildSettings = {
				ALWAYS_EMBED_SWIFT_STANDARD_LIBRARIES = YES;
				BUNDLE_LOADER = "$(TEST_HOST)";
				COMBINE_HIDPI_IMAGES = YES;
				DEVELOPMENT_TEAM = G4ANT58PJV;
				INFOPLIST_FILE = IGCViewerTests/Info.plist;
				LD_RUNPATH_SEARCH_PATHS = "$(inherited) @executable_path/../Frameworks @loader_path/../Frameworks";
				PRODUCT_BUNDLE_IDENTIFIER = "de.pf-control.aseider.lukas.IGCViewerTests";
				PRODUCT_NAME = "$(TARGET_NAME)";
				SWIFT_VERSION = 3.0;
				TEST_HOST = "$(BUILT_PRODUCTS_DIR)/IGCViewer.app/Contents/MacOS/IGCViewer";
			};
			name = Debug;
		};
		48ECFAB51EB0C4A80063C09B /* Release */ = {
			isa = XCBuildConfiguration;
			buildSettings = {
				ALWAYS_EMBED_SWIFT_STANDARD_LIBRARIES = YES;
				BUNDLE_LOADER = "$(TEST_HOST)";
				COMBINE_HIDPI_IMAGES = YES;
				DEVELOPMENT_TEAM = G4ANT58PJV;
				INFOPLIST_FILE = IGCViewerTests/Info.plist;
				LD_RUNPATH_SEARCH_PATHS = "$(inherited) @executable_path/../Frameworks @loader_path/../Frameworks";
				PRODUCT_BUNDLE_IDENTIFIER = "de.pf-control.aseider.lukas.IGCViewerTests";
				PRODUCT_NAME = "$(TARGET_NAME)";
				SWIFT_VERSION = 3.0;
				TEST_HOST = "$(BUILT_PRODUCTS_DIR)/IGCViewer.app/Contents/MacOS/IGCViewer";
			};
			name = Release;
		};
		48ECFAB71EB0C4A80063C09B /* Debug */ = {
			isa = XCBuildConfiguration;
			buildSettings = {
				ALWAYS_EMBED_SWIFT_STANDARD_LIBRARIES = YES;
				COMBINE_HIDPI_IMAGES = YES;
				DEVELOPMENT_TEAM = G4ANT58PJV;
				INFOPLIST_FILE = IGCViewerUITests/Info.plist;
				LD_RUNPATH_SEARCH_PATHS = "$(inherited) @executable_path/../Frameworks @loader_path/../Frameworks";
				PRODUCT_BUNDLE_IDENTIFIER = "de.pf-control.aseider.lukas.IGCViewerUITests";
				PRODUCT_NAME = "$(TARGET_NAME)";
				SWIFT_VERSION = 3.0;
				TEST_TARGET_NAME = IGCViewer;
			};
			name = Debug;
		};
		48ECFAB81EB0C4A80063C09B /* Release */ = {
			isa = XCBuildConfiguration;
			buildSettings = {
				ALWAYS_EMBED_SWIFT_STANDARD_LIBRARIES = YES;
				COMBINE_HIDPI_IMAGES = YES;
				DEVELOPMENT_TEAM = G4ANT58PJV;
				INFOPLIST_FILE = IGCViewerUITests/Info.plist;
				LD_RUNPATH_SEARCH_PATHS = "$(inherited) @executable_path/../Frameworks @loader_path/../Frameworks";
				PRODUCT_BUNDLE_IDENTIFIER = "de.pf-control.aseider.lukas.IGCViewerUITests";
				PRODUCT_NAME = "$(TARGET_NAME)";
				SWIFT_VERSION = 3.0;
				TEST_TARGET_NAME = IGCViewer;
			};
			name = Release;
		};
/* End XCBuildConfiguration section */

/* Begin XCConfigurationList section */
		48ECFA841EB0C4A70063C09B /* Build configuration list for PBXProject "IGCViewer" */ = {
			isa = XCConfigurationList;
			buildConfigurations = (
				48ECFAAE1EB0C4A80063C09B /* Debug */,
				48ECFAAF1EB0C4A80063C09B /* Release */,
			);
			defaultConfigurationIsVisible = 0;
			defaultConfigurationName = Release;
		};
		48ECFAB01EB0C4A80063C09B /* Build configuration list for PBXNativeTarget "IGCViewer" */ = {
			isa = XCConfigurationList;
			buildConfigurations = (
				48ECFAB11EB0C4A80063C09B /* Debug */,
				48ECFAB21EB0C4A80063C09B /* Release */,
			);
			defaultConfigurationIsVisible = 0;
			defaultConfigurationName = Release;
		};
		48ECFAB31EB0C4A80063C09B /* Build configuration list for PBXNativeTarget "IGCViewerTests" */ = {
			isa = XCConfigurationList;
			buildConfigurations = (
				48ECFAB41EB0C4A80063C09B /* Debug */,
				48ECFAB51EB0C4A80063C09B /* Release */,
			);
			defaultConfigurationIsVisible = 0;
			defaultConfigurationName = Release;
		};
		48ECFAB61EB0C4A80063C09B /* Build configuration list for PBXNativeTarget "IGCViewerUITests" */ = {
			isa = XCConfigurationList;
			buildConfigurations = (
				48ECFAB71EB0C4A80063C09B /* Debug */,
				48ECFAB81EB0C4A80063C09B /* Release */,
			);
			defaultConfigurationIsVisible = 0;
			defaultConfigurationName = Release;
		};
/* End XCConfigurationList section */
	};
	rootObject = 48ECFA811EB0C4A70063C09B /* Project object */;
}
